// !$*UTF8*$!
{
	archiveVersion = 1;
	classes = {
	};
	objectVersion = 77;
	objects = {

/* Begin PBXBuildFile section */
		56A2A8D12F2695AA0024EC15 /* Auth in Frameworks */ = {isa = PBXBuildFile; productRef = 56A2A8D02F2695AA0024EC15 /* Auth */; };
		56A2A8D32F2695AA0024EC15 /* Functions in Frameworks */ = {isa = PBXBuildFile; productRef = 56A2A8D22F2695AA0024EC15 /* Functions */; };
		56A2A8D52F2695AA0024EC15 /* PostgREST in Frameworks */ = {isa = PBXBuildFile; productRef = 56A2A8D42F2695AA0024EC15 /* PostgREST */; };
		56A2A8D72F2695AA0024EC15 /* Realtime in Frameworks */ = {isa = PBXBuildFile; productRef = 56A2A8D62F2695AA0024EC15 /* Realtime */; };
		56A2A8D92F2695AA0024EC15 /* Storage in Frameworks */ = {isa = PBXBuildFile; productRef = 56A2A8D82F2695AA0024EC15 /* Storage */; };
		56A2A8DB2F2695AA0024EC15 /* Supabase in Frameworks */ = {isa = PBXBuildFile; productRef = 56A2A8DA2F2695AA0024EC15 /* Supabase */; };
/* End PBXBuildFile section */

/* Begin PBXContainerItemProxy section */
		563D921D2F26924A00E91DAF /* PBXContainerItemProxy */ = {
			isa = PBXContainerItemProxy;
			containerPortal = 563D91FE2F26924900E91DAF /* Project object */;
			proxyType = 1;
			remoteGlobalIDString = 563D92052F26924900E91DAF;
			remoteInfo = filmoteka;
		};
		563D92272F26924A00E91DAF /* PBXContainerItemProxy */ = {
			isa = PBXContainerItemProxy;
			containerPortal = 563D91FE2F26924900E91DAF /* Project object */;
			proxyType = 1;
			remoteGlobalIDString = 563D92052F26924900E91DAF;
			remoteInfo = filmoteka;
		};
/* End PBXContainerItemProxy section */

/* Begin PBXFileReference section */
		563D92062F26924900E91DAF /* filmoteka.app */ = {isa = PBXFileReference; explicitFileType = wrapper.application; includeInIndex = 0; path = filmoteka.app; sourceTree = BUILT_PRODUCTS_DIR; };
		563D921C2F26924A00E91DAF /* filmotekaTests.xctest */ = {isa = PBXFileReference; explicitFileType = wrapper.cfbundle; includeInIndex = 0; path = filmotekaTests.xctest; sourceTree = BUILT_PRODUCTS_DIR; };
		563D92262F26924A00E91DAF /* filmotekaUITests.xctest */ = {isa = PBXFileReference; explicitFileType = wrapper.cfbundle; includeInIndex = 0; path = filmotekaUITests.xctest; sourceTree = BUILT_PRODUCTS_DIR; };
/* End PBXFileReference section */

/* Begin PBXFileSystemSynchronizedBuildFileExceptionSet section */
		563D922E2F26924A00E91DAF /* Exceptions for "filmoteka" folder in "filmoteka" target */ = {
			isa = PBXFileSystemSynchronizedBuildFileExceptionSet;
			membershipExceptions = (
				Info.plist,
			);
			target = 563D92052F26924900E91DAF /* filmoteka */;
		};
/* End PBXFileSystemSynchronizedBuildFileExceptionSet section */

/* Begin PBXFileSystemSynchronizedRootGroup section */
		563D92082F26924900E91DAF /* filmoteka */ = {
			isa = PBXFileSystemSynchronizedRootGroup;
			exceptions = (
				563D922E2F26924A00E91DAF /* Exceptions for "filmoteka" folder in "filmoteka" target */,
			);
			path = filmoteka;
			sourceTree = "<group>";
		};
		563D921F2F26924A00E91DAF /* filmotekaTests */ = {
			isa = PBXFileSystemSynchronizedRootGroup;
			path = filmotekaTests;
			sourceTree = "<group>";
		};
		563D92292F26924A00E91DAF /* filmotekaUITests */ = {
			isa = PBXFileSystemSynchronizedRootGroup;
			path = filmotekaUITests;
			sourceTree = "<group>";
		};
/* End PBXFileSystemSynchronizedRootGroup section */

/* Begin PBXFrameworksBuildPhase section */
		563D92032F26924900E91DAF /* Frameworks */ = {
			isa = PBXFrameworksBuildPhase;
			buildActionMask = 2147483647;
			files = (
				56A2A8D52F2695AA0024EC15 /* PostgREST in Frameworks */,
				56A2A8D32F2695AA0024EC15 /* Functions in Frameworks */,
				56A2A8DB2F2695AA0024EC15 /* Supabase in Frameworks */,
				56A2A8D12F2695AA0024EC15 /* Auth in Frameworks */,
				56A2A8D92F2695AA0024EC15 /* Storage in Frameworks */,
				56A2A8D72F2695AA0024EC15 /* Realtime in Frameworks */,
			);
			runOnlyForDeploymentPostprocessing = 0;
		};
		563D92192F26924A00E91DAF /* Frameworks */ = {
			isa = PBXFrameworksBuildPhase;
			buildActionMask = 2147483647;
			files = (
			);
			runOnlyForDeploymentPostprocessing = 0;
		};
		563D92232F26924A00E91DAF /* Frameworks */ = {
			isa = PBXFrameworksBuildPhase;
			buildActionMask = 2147483647;
			files = (
			);
			runOnlyForDeploymentPostprocessing = 0;
		};
/* End PBXFrameworksBuildPhase section */

/* Begin PBXGroup section */
		563D91FD2F26924900E91DAF = {
			isa = PBXGroup;
			children = (
				563D92082F26924900E91DAF /* filmoteka */,
				563D921F2F26924A00E91DAF /* filmotekaTests */,
				563D92292F26924A00E91DAF /* filmotekaUITests */,
				563D92072F26924900E91DAF /* Products */,
			);
			sourceTree = "<group>";
		};
		563D92072F26924900E91DAF /* Products */ = {
			isa = PBXGroup;
			children = (
				563D92062F26924900E91DAF /* filmoteka.app */,
				563D921C2F26924A00E91DAF /* filmotekaTests.xctest */,
				563D92262F26924A00E91DAF /* filmotekaUITests.xctest */,
			);
			name = Products;
			sourceTree = "<group>";
		};
/* End PBXGroup section */

/* Begin PBXNativeTarget section */
		563D92052F26924900E91DAF /* filmoteka */ = {
			isa = PBXNativeTarget;
			buildConfigurationList = 563D922F2F26924A00E91DAF /* Build configuration list for PBXNativeTarget "filmoteka" */;
			buildPhases = (
				563D92022F26924900E91DAF /* Sources */,
				563D92032F26924900E91DAF /* Frameworks */,
				563D92042F26924900E91DAF /* Resources */,
			);
			buildRules = (
			);
			dependencies = (
			);
			fileSystemSynchronizedGroups = (
				563D92082F26924900E91DAF /* filmoteka */,
			);
			name = filmoteka;
			packageProductDependencies = (
				56A2A8D02F2695AA0024EC15 /* Auth */,
				56A2A8D22F2695AA0024EC15 /* Functions */,
				56A2A8D42F2695AA0024EC15 /* PostgREST */,
				56A2A8D62F2695AA0024EC15 /* Realtime */,
				56A2A8D82F2695AA0024EC15 /* Storage */,
				56A2A8DA2F2695AA0024EC15 /* Supabase */,
			);
			productName = filmoteka;
			productReference = 563D92062F26924900E91DAF /* filmoteka.app */;
			productType = "com.apple.product-type.application";
		};
		563D921B2F26924A00E91DAF /* filmotekaTests */ = {
			isa = PBXNativeTarget;
			buildConfigurationList = 563D92342F26924A00E91DAF /* Build configuration list for PBXNativeTarget "filmotekaTests" */;
			buildPhases = (
				563D92182F26924A00E91DAF /* Sources */,
				563D92192F26924A00E91DAF /* Frameworks */,
				563D921A2F26924A00E91DAF /* Resources */,
			);
			buildRules = (
			);
			dependencies = (
				563D921E2F26924A00E91DAF /* PBXTargetDependency */,
			);
			fileSystemSynchronizedGroups = (
				563D921F2F26924A00E91DAF /* filmotekaTests */,
			);
			name = filmotekaTests;
			packageProductDependencies = (
			);
			productName = filmotekaTests;
			productReference = 563D921C2F26924A00E91DAF /* filmotekaTests.xctest */;
			productType = "com.apple.product-type.bundle.unit-test";
		};
		563D92252F26924A00E91DAF /* filmotekaUITests */ = {
			isa = PBXNativeTarget;
			buildConfigurationList = 563D92372F26924A00E91DAF /* Build configuration list for PBXNativeTarget "filmotekaUITests" */;
			buildPhases = (
				563D92222F26924A00E91DAF /* Sources */,
				563D92232F26924A00E91DAF /* Frameworks */,
				563D92242F26924A00E91DAF /* Resources */,
			);
			buildRules = (
			);
			dependencies = (
				563D92282F26924A00E91DAF /* PBXTargetDependency */,
			);
			fileSystemSynchronizedGroups = (
				563D92292F26924A00E91DAF /* filmotekaUITests */,
			);
			name = filmotekaUITests;
			packageProductDependencies = (
			);
			productName = filmotekaUITests;
			productReference = 563D92262F26924A00E91DAF /* filmotekaUITests.xctest */;
			productType = "com.apple.product-type.bundle.ui-testing";
		};
/* End PBXNativeTarget section */

/* Begin PBXProject section */
		563D91FE2F26924900E91DAF /* Project object */ = {
			isa = PBXProject;
			attributes = {
				BuildIndependentTargetsInParallel = 1;
				LastSwiftUpdateCheck = 2610;
				LastUpgradeCheck = 2610;
				TargetAttributes = {
					563D92052F26924900E91DAF = {
						CreatedOnToolsVersion = 26.1.1;
					};
					563D921B2F26924A00E91DAF = {
						CreatedOnToolsVersion = 26.1.1;
						TestTargetID = 563D92052F26924900E91DAF;
					};
					563D92252F26924A00E91DAF = {
						CreatedOnToolsVersion = 26.1.1;
						TestTargetID = 563D92052F26924900E91DAF;
					};
				};
			};
			buildConfigurationList = 563D92012F26924900E91DAF /* Build configuration list for PBXProject "filmoteka" */;
			developmentRegion = en;
			hasScannedForEncodings = 0;
			knownRegions = (
				en,
				Base,
			);
			mainGroup = 563D91FD2F26924900E91DAF;
			minimizedProjectReferenceProxies = 1;
			packageReferences = (
				56A2A8CF2F2695AA0024EC15 /* XCRemoteSwiftPackageReference "supabase-swift" */,
			);
			preferredProjectObjectVersion = 77;
			productRefGroup = 563D92072F26924900E91DAF /* Products */;
			projectDirPath = "";
			projectRoot = "";
			targets = (
				563D92052F26924900E91DAF /* filmoteka */,
				563D921B2F26924A00E91DAF /* filmotekaTests */,
				563D92252F26924A00E91DAF /* filmotekaUITests */,
			);
		};
/* End PBXProject section */

/* Begin PBXResourcesBuildPhase section */
		563D92042F26924900E91DAF /* Resources */ = {
			isa = PBXResourcesBuildPhase;
			buildActionMask = 2147483647;
			files = (
			);
			runOnlyForDeploymentPostprocessing = 0;
		};
		563D921A2F26924A00E91DAF /* Resources */ = {
			isa = PBXResourcesBuildPhase;
			buildActionMask = 2147483647;
			files = (
			);
			runOnlyForDeploymentPostprocessing = 0;
		};
		563D92242F26924A00E91DAF /* Resources */ = {
			isa = PBXResourcesBuildPhase;
			buildActionMask = 2147483647;
			files = (
			);
			runOnlyForDeploymentPostprocessing = 0;
		};
/* End PBXResourcesBuildPhase section */

/* Begin PBXSourcesBuildPhase section */
		563D92022F26924900E91DAF /* Sources */ = {
			isa = PBXSourcesBuildPhase;
			buildActionMask = 2147483647;
			files = (
			);
			runOnlyForDeploymentPostprocessing = 0;
		};
		563D92182F26924A00E91DAF /* Sources */ = {
			isa = PBXSourcesBuildPhase;
			buildActionMask = 2147483647;
			files = (
			);
			runOnlyForDeploymentPostprocessing = 0;
		};
		563D92222F26924A00E91DAF /* Sources */ = {
			isa = PBXSourcesBuildPhase;
			buildActionMask = 2147483647;
			files = (
			);
			runOnlyForDeploymentPostprocessing = 0;
		};
/* End PBXSourcesBuildPhase section */

/* Begin PBXTargetDependency section */
		563D921E2F26924A00E91DAF /* PBXTargetDependency */ = {
			isa = PBXTargetDependency;
			target = 563D92052F26924900E91DAF /* filmoteka */;
			targetProxy = 563D921D2F26924A00E91DAF /* PBXContainerItemProxy */;
		};
		563D92282F26924A00E91DAF /* PBXTargetDependency */ = {
			isa = PBXTargetDependency;
			target = 563D92052F26924900E91DAF /* filmoteka */;
			targetProxy = 563D92272F26924A00E91DAF /* PBXContainerItemProxy */;
		};
/* End PBXTargetDependency section */

/* Begin XCBuildConfiguration section */
		563D92302F26924A00E91DAF /* Debug */ = {
			isa = XCBuildConfiguration;
			buildSettings = {
				ASSETCATALOG_COMPILER_APPICON_NAME = AppIcon;
				ASSETCATALOG_COMPILER_GLOBAL_ACCENT_COLOR_NAME = AccentColor;
				ASSETCATALOG_COMPILER_INCLUDE_ALL_APPICON_ASSETS = YES;
				CODE_SIGN_STYLE = Automatic;
				CURRENT_PROJECT_VERSION = 1;
				DEVELOPMENT_TEAM = 65XFQ855NL;
				GENERATE_INFOPLIST_FILE = YES;
				INFOPLIST_FILE = filmoteka/Info.plist;
				INFOPLIST_KEY_CFBundleDisplayName = Cineteca;
				INFOPLIST_KEY_UIApplicationSupportsIndirectInputEvents = YES;
				INFOPLIST_KEY_UILaunchStoryboardName = LaunchScreen;
				INFOPLIST_KEY_UIMainStoryboardFile = Main;
				INFOPLIST_KEY_UISupportedInterfaceOrientations_iPad = "UIInterfaceOrientationPortrait UIInterfaceOrientationPortraitUpsideDown UIInterfaceOrientationLandscapeLeft UIInterfaceOrientationLandscapeRight";
				INFOPLIST_KEY_UISupportedInterfaceOrientations_iPhone = "UIInterfaceOrientationPortrait UIInterfaceOrientationLandscapeLeft UIInterfaceOrientationLandscapeRight";
				LD_RUNPATH_SEARCH_PATHS = (
					"$(inherited)",
					"@executable_path/Frameworks",
				);
				MARKETING_VERSION = 1.0;
				PRODUCT_BUNDLE_IDENTIFIER = aylinhyusmen.filmoteka;
				PRODUCT_NAME = "$(TARGET_NAME)";
				STRING_CATALOG_GENERATE_SYMBOLS = YES;
				SUPPORTED_PLATFORMS = "iphoneos iphonesimulator";
				SUPPORTS_MACCATALYST = NO;
				SUPPORTS_MAC_DESIGNED_FOR_IPHONE_IPAD = NO;
				SUPPORTS_XR_DESIGNED_FOR_IPHONE_IPAD = NO;
				SWIFT_APPROACHABLE_CONCURRENCY = YES;
				SWIFT_DEFAULT_ACTOR_ISOLATION = MainActor;
				SWIFT_EMIT_LOC_STRINGS = YES;
				SWIFT_UPCOMING_FEATURE_MEMBER_IMPORT_VISIBILITY = YES;
				SWIFT_VERSION = 5.0;
				TARGETED_DEVICE_FAMILY = "1,2";
			};
			name = Debug;
		};
		563D92312F26924A00E91DAF /* Release */ = {
			isa = XCBuildConfiguration;
			buildSettings = {
				ASSETCATALOG_COMPILER_APPICON_NAME = AppIcon;
				ASSETCATALOG_COMPILER_GLOBAL_ACCENT_COLOR_NAME = AccentColor;
				ASSETCATALOG_COMPILER_INCLUDE_ALL_APPICON_ASSETS = YES;
				CODE_SIGN_STYLE = Automatic;
				CURRENT_PROJECT_VERSION = 1;
				DEVELOPMENT_TEAM = 65XFQ855NL;
				GENERATE_INFOPLIST_FILE = YES;
				INFOPLIST_FILE = filmoteka/Info.plist;
				INFOPLIST_KEY_CFBundleDisplayName = Cineteca;
				INFOPLIST_KEY_UIApplicationSupportsIndirectInputEvents = YES;
				INFOPLIST_KEY_UILaunchStoryboardName = LaunchScreen;
				INFOPLIST_KEY_UIMainStoryboardFile = Main;
				INFOPLIST_KEY_UISupportedInterfaceOrientations_iPad = "UIInterfaceOrientationPortrait UIInterfaceOrientationPortraitUpsideDown UIInterfaceOrientationLandscapeLeft UIInterfaceOrientationLandscapeRight";
				INFOPLIST_KEY_UISupportedInterfaceOrientations_iPhone = "UIInterfaceOrientationPortrait UIInterfaceOrientationLandscapeLeft UIInterfaceOrientationLandscapeRight";
				LD_RUNPATH_SEARCH_PATHS = (
					"$(inherited)",
					"@executable_path/Frameworks",
				);
				MARKETING_VERSION = 1.0;
				PRODUCT_BUNDLE_IDENTIFIER = aylinhyusmen.filmoteka;
				PRODUCT_NAME = "$(TARGET_NAME)";
				STRING_CATALOG_GENERATE_SYMBOLS = YES;
				SUPPORTED_PLATFORMS = "iphoneos iphonesimulator";
				SUPPORTS_MACCATALYST = NO;
				SUPPORTS_MAC_DESIGNED_FOR_IPHONE_IPAD = NO;
				SUPPORTS_XR_DESIGNED_FOR_IPHONE_IPAD = NO;
				SWIFT_APPROACHABLE_CONCURRENCY = YES;
				SWIFT_DEFAULT_ACTOR_ISOLATION = MainActor;
				SWIFT_EMIT_LOC_STRINGS = YES;
				SWIFT_UPCOMING_FEATURE_MEMBER_IMPORT_VISIBILITY = YES;
				SWIFT_VERSION = 5.0;
				TARGETED_DEVICE_FAMILY = "1,2";
			};
			name = Release;
		};
		563D92322F26924A00E91DAF /* Debug */ = {
			isa = XCBuildConfiguration;
			buildSettings = {
				ALWAYS_SEARCH_USER_PATHS = NO;
				ASSETCATALOG_COMPILER_GENERATE_SWIFT_ASSET_SYMBOL_EXTENSIONS = YES;
				CLANG_ANALYZER_NONNULL = YES;
				CLANG_ANALYZER_NUMBER_OBJECT_CONVERSION = YES_AGGRESSIVE;
				CLANG_CXX_LANGUAGE_STANDARD = "gnu++20";
				CLANG_ENABLE_MODULES = YES;
				CLANG_ENABLE_OBJC_ARC = YES;
				CLANG_ENABLE_OBJC_WEAK = YES;
				CLANG_WARN_BLOCK_CAPTURE_AUTORELEASING = YES;
				CLANG_WARN_BOOL_CONVERSION = YES;
				CLANG_WARN_COMMA = YES;
				CLANG_WARN_CONSTANT_CONVERSION = YES;
				CLANG_WARN_DEPRECATED_OBJC_IMPLEMENTATIONS = YES;
				CLANG_WARN_DIRECT_OBJC_ISA_USAGE = YES_ERROR;
				CLANG_WARN_DOCUMENTATION_COMMENTS = YES;
				CLANG_WARN_EMPTY_BODY = YES;
				CLANG_WARN_ENUM_CONVERSION = YES;
				CLANG_WARN_INFINITE_RECURSION = YES;
				CLANG_WARN_INT_CONVERSION = YES;
				CLANG_WARN_NON_LITERAL_NULL_CONVERSION = YES;
				CLANG_WARN_OBJC_IMPLICIT_RETAIN_SELF = YES;
				CLANG_WARN_OBJC_LITERAL_CONVERSION = YES;
				CLANG_WARN_OBJC_ROOT_CLASS = YES_ERROR;
				CLANG_WARN_QUOTED_INCLUDE_IN_FRAMEWORK_HEADER = YES;
				CLANG_WARN_RANGE_LOOP_ANALYSIS = YES;
				CLANG_WARN_STRICT_PROTOTYPES = YES;
				CLANG_WARN_SUSPICIOUS_MOVE = YES;
				CLANG_WARN_UNGUARDED_AVAILABILITY = YES_AGGRESSIVE;
				CLANG_WARN_UNREACHABLE_CODE = YES;
				CLANG_WARN__DUPLICATE_METHOD_MATCH = YES;
				COPY_PHASE_STRIP = NO;
				DEBUG_INFORMATION_FORMAT = dwarf;
				DEVELOPMENT_TEAM = 65XFQ855NL;
				ENABLE_STRICT_OBJC_MSGSEND = YES;
				ENABLE_TESTABILITY = YES;
				ENABLE_USER_SCRIPT_SANDBOXING = YES;
				GCC_C_LANGUAGE_STANDARD = gnu17;
				GCC_DYNAMIC_NO_PIC = NO;
				GCC_NO_COMMON_BLOCKS = YES;
				GCC_OPTIMIZATION_LEVEL = 0;
				GCC_PREPROCESSOR_DEFINITIONS = (
					"DEBUG=1",
					"$(inherited)",
				);
				GCC_WARN_64_TO_32_BIT_CONVERSION = YES;
				GCC_WARN_ABOUT_RETURN_TYPE = YES_ERROR;
				GCC_WARN_UNDECLARED_SELECTOR = YES;
				GCC_WARN_UNINITIALIZED_AUTOS = YES_AGGRESSIVE;
				GCC_WARN_UNUSED_FUNCTION = YES;
				GCC_WARN_UNUSED_VARIABLE = YES;
				IPHONEOS_DEPLOYMENT_TARGET = 26.1;
				LOCALIZATION_PREFERS_STRING_CATALOGS = YES;
				MTL_ENABLE_DEBUG_INFO = INCLUDE_SOURCE;
				MTL_FAST_MATH = YES;
				ONLY_ACTIVE_ARCH = YES;
				SDKROOT = iphoneos;
				SWIFT_ACTIVE_COMPILATION_CONDITIONS = "DEBUG $(inherited)";
				SWIFT_OPTIMIZATION_LEVEL = "-Onone";
			};
			name = Debug;
		};
		563D92332F26924A00E91DAF /* Release */ = {
			isa = XCBuildConfiguration;
			buildSettings = {
				ALWAYS_SEARCH_USER_PATHS = NO;
				ASSETCATALOG_COMPILER_GENERATE_SWIFT_ASSET_SYMBOL_EXTENSIONS = YES;
				CLANG_ANALYZER_NONNULL = YES;
				CLANG_ANALYZER_NUMBER_OBJECT_CONVERSION = YES_AGGRESSIVE;
				CLANG_CXX_LANGUAGE_STANDARD = "gnu++20";
				CLANG_ENABLE_MODULES = YES;
				CLANG_ENABLE_OBJC_ARC = YES;
				CLANG_ENABLE_OBJC_WEAK = YES;
				CLANG_WARN_BLOCK_CAPTURE_AUTORELEASING = YES;
				CLANG_WARN_BOOL_CONVERSION = YES;
				CLANG_WARN_COMMA = YES;
				CLANG_WARN_CONSTANT_CONVERSION = YES;
				CLANG_WARN_DEPRECATED_OBJC_IMPLEMENTATIONS = YES;
				CLANG_WARN_DIRECT_OBJC_ISA_USAGE = YES_ERROR;
				CLANG_WARN_DOCUMENTATION_COMMENTS = YES;
				CLANG_WARN_EMPTY_BODY = YES;
				CLANG_WARN_ENUM_CONVERSION = YES;
				CLANG_WARN_INFINITE_RECURSION = YES;
				CLANG_WARN_INT_CONVERSION = YES;
				CLANG_WARN_NON_LITERAL_NULL_CONVERSION = YES;
				CLANG_WARN_OBJC_IMPLICIT_RETAIN_SELF = YES;
				CLANG_WARN_OBJC_LITERAL_CONVERSION = YES;
				CLANG_WARN_OBJC_ROOT_CLASS = YES_ERROR;
				CLANG_WARN_QUOTED_INCLUDE_IN_FRAMEWORK_HEADER = YES;
				CLANG_WARN_RANGE_LOOP_ANALYSIS = YES;
				CLANG_WARN_STRICT_PROTOTYPES = YES;
				CLANG_WARN_SUSPICIOUS_MOVE = YES;
				CLANG_WARN_UNGUARDED_AVAILABILITY = YES_AGGRESSIVE;
				CLANG_WARN_UNREACHABLE_CODE = YES;
				CLANG_WARN__DUPLICATE_METHOD_MATCH = YES;
				COPY_PHASE_STRIP = NO;
				DEBUG_INFORMATION_FORMAT = "dwarf-with-dsym";
				DEVELOPMENT_TEAM = 65XFQ855NL;
				ENABLE_NS_ASSERTIONS = NO;
				ENABLE_STRICT_OBJC_MSGSEND = YES;
				ENABLE_USER_SCRIPT_SANDBOXING = YES;
				GCC_C_LANGUAGE_STANDARD = gnu17;
				GCC_NO_COMMON_BLOCKS = YES;
				GCC_WARN_64_TO_32_BIT_CONVERSION = YES;
				GCC_WARN_ABOUT_RETURN_TYPE = YES_ERROR;
				GCC_WARN_UNDECLARED_SELECTOR = YES;
				GCC_WARN_UNINITIALIZED_AUTOS = YES_AGGRESSIVE;
				GCC_WARN_UNUSED_FUNCTION = YES;
				GCC_WARN_UNUSED_VARIABLE = YES;
				IPHONEOS_DEPLOYMENT_TARGET = 26.1;
				LOCALIZATION_PREFERS_STRING_CATALOGS = YES;
				MTL_ENABLE_DEBUG_INFO = NO;
				MTL_FAST_MATH = YES;
				SDKROOT = iphoneos;
				SWIFT_COMPILATION_MODE = wholemodule;
				VALIDATE_PRODUCT = YES;
			};
			name = Release;
		};
		563D92352F26924A00E91DAF /* Debug */ = {
			isa = XCBuildConfiguration;
			buildSettings = {
				BUNDLE_LOADER = "$(TEST_HOST)";
				CODE_SIGN_STYLE = Automatic;
				CURRENT_PROJECT_VERSION = 1;
				DEVELOPMENT_TEAM = 65XFQ855NL;
				GENERATE_INFOPLIST_FILE = YES;
				IPHONEOS_DEPLOYMENT_TARGET = 26.1;
				MARKETING_VERSION = 1.0;
				PRODUCT_BUNDLE_IDENTIFIER = aylinhyusmen.filmotekaTests;
				PRODUCT_NAME = "$(TARGET_NAME)";
				STRING_CATALOG_GENERATE_SYMBOLS = NO;
				SWIFT_APPROACHABLE_CONCURRENCY = YES;
				SWIFT_EMIT_LOC_STRINGS = NO;
				SWIFT_UPCOMING_FEATURE_MEMBER_IMPORT_VISIBILITY = YES;
				SWIFT_VERSION = 5.0;
				TARGETED_DEVICE_FAMILY = "1,2";
				TEST_HOST = "$(BUILT_PRODUCTS_DIR)/filmoteka.app/$(BUNDLE_EXECUTABLE_FOLDER_PATH)/filmoteka";
			};
			name = Debug;
		};
		563D92362F26924A00E91DAF /* Release */ = {
			isa = XCBuildConfiguration;
			buildSettings = {
				BUNDLE_LOADER = "$(TEST_HOST)";
				CODE_SIGN_STYLE = Automatic;
				CURRENT_PROJECT_VERSION = 1;
				DEVELOPMENT_TEAM = 65XFQ855NL;
				GENERATE_INFOPLIST_FILE = YES;
				IPHONEOS_DEPLOYMENT_TARGET = 26.1;
				MARKETING_VERSION = 1.0;
				PRODUCT_BUNDLE_IDENTIFIER = aylinhyusmen.filmotekaTests;
				PRODUCT_NAME = "$(TARGET_NAME)";
				STRING_CATALOG_GENERATE_SYMBOLS = NO;
				SWIFT_APPROACHABLE_CONCURRENCY = YES;
				SWIFT_EMIT_LOC_STRINGS = NO;
				SWIFT_UPCOMING_FEATURE_MEMBER_IMPORT_VISIBILITY = YES;
				SWIFT_VERSION = 5.0;
				TARGETED_DEVICE_FAMILY = "1,2";
				TEST_HOST = "$(BUILT_PRODUCTS_DIR)/filmoteka.app/$(BUNDLE_EXECUTABLE_FOLDER_PATH)/filmoteka";
			};
			name = Release;
		};
		563D92382F26924A00E91DAF /* Debug */ = {
			isa = XCBuildConfiguration;
			buildSettings = {
				CODE_SIGN_STYLE = Automatic;
				CURRENT_PROJECT_VERSION = 1;
				DEVELOPMENT_TEAM = 65XFQ855NL;
				GENERATE_INFOPLIST_FILE = YES;
				MARKETING_VERSION = 1.0;
				PRODUCT_BUNDLE_IDENTIFIER = aylinhyusmen.filmotekaUITests;
				PRODUCT_NAME = "$(TARGET_NAME)";
				STRING_CATALOG_GENERATE_SYMBOLS = NO;
				SWIFT_APPROACHABLE_CONCURRENCY = YES;
				SWIFT_EMIT_LOC_STRINGS = NO;
				SWIFT_UPCOMING_FEATURE_MEMBER_IMPORT_VISIBILITY = YES;
				SWIFT_VERSION = 5.0;
				TARGETED_DEVICE_FAMILY = "1,2";
				TEST_TARGET_NAME = filmoteka;
			};
			name = Debug;
		};
		563D92392F26924A00E91DAF /* Release */ = {
			isa = XCBuildConfiguration;
			buildSettings = {
				CODE_SIGN_STYLE = Automatic;
				CURRENT_PROJECT_VERSION = 1;
				DEVELOPMENT_TEAM = 65XFQ855NL;
				GENERATE_INFOPLIST_FILE = YES;
				MARKETING_VERSION = 1.0;
				PRODUCT_BUNDLE_IDENTIFIER = aylinhyusmen.filmotekaUITests;
				PRODUCT_NAME = "$(TARGET_NAME)";
				STRING_CATALOG_GENERATE_SYMBOLS = NO;
				SWIFT_APPROACHABLE_CONCURRENCY = YES;
				SWIFT_EMIT_LOC_STRINGS = NO;
				SWIFT_UPCOMING_FEATURE_MEMBER_IMPORT_VISIBILITY = YES;
				SWIFT_VERSION = 5.0;
				TARGETED_DEVICE_FAMILY = "1,2";
				TEST_TARGET_NAME = filmoteka;
			};
			name = Release;
		};
/* End XCBuildConfiguration section */

/* Begin XCConfigurationList section */
		563D92012F26924900E91DAF /* Build configuration list for PBXProject "filmoteka" */ = {
			isa = XCConfigurationList;
			buildConfigurations = (
				563D92322F26924A00E91DAF /* Debug */,
				563D92332F26924A00E91DAF /* Release */,
			);
			defaultConfigurationIsVisible = 0;
			defaultConfigurationName = Release;
		};
		563D922F2F26924A00E91DAF /* Build configuration list for PBXNativeTarget "filmoteka" */ = {
			isa = XCConfigurationList;
			buildConfigurations = (
				563D92302F26924A00E91DAF /* Debug */,
				563D92312F26924A00E91DAF /* Release */,
			);
			defaultConfigurationIsVisible = 0;
			defaultConfigurationName = Release;
		};
		563D92342F26924A00E91DAF /* Build configuration list for PBXNativeTarget "filmotekaTests" */ = {
			isa = XCConfigurationList;
			buildConfigurations = (
				563D92352F26924A00E91DAF /* Debug */,
				563D92362F26924A00E91DAF /* Release */,
			);
			defaultConfigurationIsVisible = 0;
			defaultConfigurationName = Release;
		};
		563D92372F26924A00E91DAF /* Build configuration list for PBXNativeTarget "filmotekaUITests" */ = {
			isa = XCConfigurationList;
			buildConfigurations = (
				563D92382F26924A00E91DAF /* Debug */,
				563D92392F26924A00E91DAF /* Release */,
			);
			defaultConfigurationIsVisible = 0;
			defaultConfigurationName = Release;
		};
/* End XCConfigurationList section */

/* Begin XCRemoteSwiftPackageReference section */
		56A2A8CF2F2695AA0024EC15 /* XCRemoteSwiftPackageReference "supabase-swift" */ = {
			isa = XCRemoteSwiftPackageReference;
			repositoryURL = "https://github.com/supabase/supabase-swift.git";
			requirement = {
				kind = upToNextMajorVersion;
				minimumVersion = 2.5.1;
			};
		};
/* End XCRemoteSwiftPackageReference section */

/* Begin XCSwiftPackageProductDependency section */
		56A2A8D02F2695AA0024EC15 /* Auth */ = {
			isa = XCSwiftPackageProductDependency;
			package = 56A2A8CF2F2695AA0024EC15 /* XCRemoteSwiftPackageReference "supabase-swift" */;
			productName = Auth;
		};
		56A2A8D22F2695AA0024EC15 /* Functions */ = {
			isa = XCSwiftPackageProductDependency;
			package = 56A2A8CF2F2695AA0024EC15 /* XCRemoteSwiftPackageReference "supabase-swift" */;
			productName = Functions;
		};
		56A2A8D42F2695AA0024EC15 /* PostgREST */ = {
			isa = XCSwiftPackageProductDependency;
			package = 56A2A8CF2F2695AA0024EC15 /* XCRemoteSwiftPackageReference "supabase-swift" */;
			productName = PostgREST;
		};
		56A2A8D62F2695AA0024EC15 /* Realtime */ = {
			isa = XCSwiftPackageProductDependency;
			package = 56A2A8CF2F2695AA0024EC15 /* XCRemoteSwiftPackageReference "supabase-swift" */;
			productName = Realtime;
		};
		56A2A8D82F2695AA0024EC15 /* Storage */ = {
			isa = XCSwiftPackageProductDependency;
			package = 56A2A8CF2F2695AA0024EC15 /* XCRemoteSwiftPackageReference "supabase-swift" */;
			productName = Storage;
		};
		56A2A8DA2F2695AA0024EC15 /* Supabase */ = {
			isa = XCSwiftPackageProductDependency;
			package = 56A2A8CF2F2695AA0024EC15 /* XCRemoteSwiftPackageReference "supabase-swift" */;
			productName = Supabase;
		};
/* End XCSwiftPackageProductDependency section */
	};
	rootObject = 563D91FE2F26924900E91DAF /* Project object */;
}
